
Microsoft Visual Studio Solution File, Format Version 12.00
# Visual Studio Version 17
VisualStudioVersion = 17.13.35806.99 d17.13
MinimumVisualStudioVersion = 10.0.40219.1
Project("{FAE04EC0-301F-11D3-BF4B-00C04F79EFBC}") = "Entities", "Entities\Entities.csproj", "{9FC9AF8C-FE8A-47A2-8F50-740CE11F1645}"
EndProject
Project("{FAE04EC0-301F-11D3-BF4B-00C04F79EFBC}") = "Business", "Business\Business.csproj", "{9CB1DB57-47E1-4B78-B0EE-399F37F37539}"
EndProject
Project("{FAE04EC0-301F-11D3-BF4B-00C04F79EFBC}") = "DataAccess", "DataAccess\DataAccess.csproj", "{C06CFD47-A7B8-422E-9279-6AACCEC3C153}"
EndProject
Project("{FAE04EC0-301F-11D3-BF4B-00C04F79EFBC}") = "UI", "UI\UI.csproj", "{7048C2DF-8EA1-4965-A3DF-874E1039A8FF}"
EndProject
Global
	GlobalSection(SolutionConfigurationPlatforms) = preSolution
		Debug|Any CPU = Debug|Any CPU
		Release|Any CPU = Release|Any CPU
	EndGlobalSection
	GlobalSection(ProjectConfigurationPlatforms) = postSolution
		{9FC9AF8C-FE8A-47A2-8F50-740CE11F1645}.Debug|Any CPU.ActiveCfg = Debug|Any CPU
		{9FC9AF8C-FE8A-47A2-8F50-740CE11F1645}.Debug|Any CPU.Build.0 = Debug|Any CPU
		{9FC9AF8C-FE8A-47A2-8F50-740CE11F1645}.Release|Any CPU.ActiveCfg = Release|Any CPU
		{9FC9AF8C-FE8A-47A2-8F50-740CE11F1645}.Release|Any CPU.Build.0 = Release|Any CPU
		{9CB1DB57-47E1-4B78-B0EE-399F37F37539}.Debug|Any CPU.ActiveCfg = Debug|Any CPU
		{9CB1DB57-47E1-4B78-B0EE-399F37F37539}.Debug|Any CPU.Build.0 = Debug|Any CPU
		{9CB1DB57-47E1-4B78-B0EE-399F37F37539}.Release|Any CPU.ActiveCfg = Release|Any CPU
		{9CB1DB57-47E1-4B78-B0EE-399F37F37539}.Release|Any CPU.Build.0 = Release|Any CPU
		{C06CFD47-A7B8-422E-9279-6AACCEC3C153}.Debug|Any CPU.ActiveCfg = Debug|Any CPU
		{C06CFD47-A7B8-422E-9279-6AACCEC3C153}.Debug|Any CPU.Build.0 = Debug|Any CPU
		{C06CFD47-A7B8-422E-9279-6AACCEC3C153}.Release|Any CPU.ActiveCfg = Release|Any CPU
		{C06CFD47-A7B8-422E-9279-6AACCEC3C153}.Release|Any CPU.Build.0 = Release|Any CPU
		{7048C2DF-8EA1-4965-A3DF-874E1039A8FF}.Debug|Any CPU.ActiveCfg = Debug|Any CPU
		{7048C2DF-8EA1-4965-A3DF-874E1039A8FF}.Debug|Any CPU.Build.0 = Debug|Any CPU
		{7048C2DF-8EA1-4965-A3DF-874E1039A8FF}.Release|Any CPU.ActiveCfg = Release|Any CPU
		{7048C2DF-8EA1-4965-A3DF-874E1039A8FF}.Release|Any CPU.Build.0 = Release|Any CPU
	EndGlobalSection
	GlobalSection(SolutionProperties) = preSolution
		HideSolutionNode = FALSE
	EndGlobalSection
	GlobalSection(ExtensibilityGlobals) = postSolution
		SolutionGuid = {FDB303B3-F512-4FD4-9047-ED851358B920}
	EndGlobalSection
EndGlobal
